
Microsoft Visual Studio Solution File, Format Version 12.00
# Visual Studio Version 17
VisualStudioVersion = 17.13.35828.75
MinimumVisualStudioVersion = 10.0.40219.1
Project("{2150E333-8FDC-42A3-9474-1A3956D46DE8}") = "AthletesApp", "AthletesApp", "{02EA681E-C7D8-13C7-8484-4AC65E1B71E8}"
EndProject
Project("{FAE04EC0-301F-11D3-BF4B-00C04F79EFBC}") = "Athletes.Web", "Athletes.Web\Athletes.Web.csproj", "{80EC863F-B74F-4B17-B4F2-0C1442B3A521}"
EndProject
Project("{FAE04EC0-301F-11D3-BF4B-00C04F79EFBC}") = "Athletes.Domain", "Athletes.Domain\Athletes.Domain.csproj", "{A4605A02-8977-4BFC-B42F-48F9A28C8D47}"
EndProject
Project("{2150E333-8FDC-42A3-9474-1A3956D46DE8}") = "Images", "Images", "{5889CADC-8E68-4BFD-8BD2-C91819462882}"
	ProjectSection(SolutionItems) = preProject
		..\..\AthletesApplicationRequirements.png = ..\..\AthletesApplicationRequirements.png
	EndProjectSection
EndProject
Global
	GlobalSection(SolutionConfigurationPlatforms) = preSolution
		Debug|Any CPU = Debug|Any CPU
		Release|Any CPU = Release|Any CPU
	EndGlobalSection
	GlobalSection(ProjectConfigurationPlatforms) = postSolution
		{80EC863F-B74F-4B17-B4F2-0C1442B3A521}.Debug|Any CPU.ActiveCfg = Debug|Any CPU
		{80EC863F-B74F-4B17-B4F2-0C1442B3A521}.Debug|Any CPU.Build.0 = Debug|Any CPU
		{80EC863F-B74F-4B17-B4F2-0C1442B3A521}.Release|Any CPU.ActiveCfg = Release|Any CPU
		{80EC863F-B74F-4B17-B4F2-0C1442B3A521}.Release|Any CPU.Build.0 = Release|Any CPU
		{A4605A02-8977-4BFC-B42F-48F9A28C8D47}.Debug|Any CPU.ActiveCfg = Debug|Any CPU
		{A4605A02-8977-4BFC-B42F-48F9A28C8D47}.Debug|Any CPU.Build.0 = Debug|Any CPU
		{A4605A02-8977-4BFC-B42F-48F9A28C8D47}.Release|Any CPU.ActiveCfg = Release|Any CPU
		{A4605A02-8977-4BFC-B42F-48F9A28C8D47}.Release|Any CPU.Build.0 = Release|Any CPU
	EndGlobalSection
	GlobalSection(SolutionProperties) = preSolution
		HideSolutionNode = FALSE
	EndGlobalSection
	GlobalSection(NestedProjects) = preSolution
		{80EC863F-B74F-4B17-B4F2-0C1442B3A521} = {02EA681E-C7D8-13C7-8484-4AC65E1B71E8}
		{A4605A02-8977-4BFC-B42F-48F9A28C8D47} = {02EA681E-C7D8-13C7-8484-4AC65E1B71E8}
		{5889CADC-8E68-4BFD-8BD2-C91819462882} = {02EA681E-C7D8-13C7-8484-4AC65E1B71E8}
	EndGlobalSection
	GlobalSection(ExtensibilityGlobals) = postSolution
		SolutionGuid = {A3C520A0-53FA-4488-B311-AE0FB54BCC42}
	EndGlobalSection
EndGlobal
