
Microsoft Visual Studio Solution File, Format Version 12.00
# Visual Studio Version 17
VisualStudioVersion = 17.13.35828.75 d17.13
MinimumVisualStudioVersion = 10.0.40219.1
Project("{2150E333-8FDC-42A3-9474-1A3956D46DE8}") = "EShop", "EShop", "{02EA681E-C7D8-13C7-8484-4AC65E1B71E8}"
EndProject
Project("{FAE04EC0-301F-11D3-BF4B-00C04F79EFBC}") = "EShop.Web", "EShop\EShop.Web\EShop.Web.csproj", "{F74667E2-2679-495F-B3A6-530EA4B6B085}"
EndProject
Global
	GlobalSection(SolutionConfigurationPlatforms) = preSolution
		Debug|Any CPU = Debug|Any CPU
		Release|Any CPU = Release|Any CPU
	EndGlobalSection
	GlobalSection(ProjectConfigurationPlatforms) = postSolution
		{F74667E2-2679-495F-B3A6-530EA4B6B085}.Debug|Any CPU.ActiveCfg = Debug|Any CPU
		{F74667E2-2679-495F-B3A6-530EA4B6B085}.Debug|Any CPU.Build.0 = Debug|Any CPU
		{F74667E2-2679-495F-B3A6-530EA4B6B085}.Release|Any CPU.ActiveCfg = Release|Any CPU
		{F74667E2-2679-495F-B3A6-530EA4B6B085}.Release|Any CPU.Build.0 = Release|Any CPU
	EndGlobalSection
	GlobalSection(SolutionProperties) = preSolution
		HideSolutionNode = FALSE
	EndGlobalSection
	GlobalSection(NestedProjects) = preSolution
		{F74667E2-2679-495F-B3A6-530EA4B6B085} = {02EA681E-C7D8-13C7-8484-4AC65E1B71E8}
	EndGlobalSection
	GlobalSection(ExtensibilityGlobals) = postSolution
		SolutionGuid = {F64CFC9C-B461-411D-A811-07A085D1B726}
	EndGlobalSection
EndGlobal
