
Microsoft Visual Studio Solution File, Format Version 12.00
# Visual Studio Version 17
VisualStudioVersion = 17.13.35825.156 d17.13
MinimumVisualStudioVersion = 10.0.40219.1
Project("{FAE04EC0-301F-11D3-BF4B-00C04F79EFBC}") = "CoursesApi", "CoursesApi\CoursesApi.csproj", "{55A7BB27-FA67-4CFC-89F8-BEA1DEEDDEFD}"
EndProject
Global
	GlobalSection(SolutionConfigurationPlatforms) = preSolution
		Debug|Any CPU = Debug|Any CPU
		Release|Any CPU = Release|Any CPU
	EndGlobalSection
	GlobalSection(ProjectConfigurationPlatforms) = postSolution
		{55A7BB27-FA67-4CFC-89F8-BEA1DEEDDEFD}.Debug|Any CPU.ActiveCfg = Debug|Any CPU
		{55A7BB27-FA67-4CFC-89F8-BEA1DEEDDEFD}.Debug|Any CPU.Build.0 = Debug|Any CPU
		{55A7BB27-FA67-4CFC-89F8-BEA1DEEDDEFD}.Release|Any CPU.ActiveCfg = Release|Any CPU
		{55A7BB27-FA67-4CFC-89F8-BEA1DEEDDEFD}.Release|Any CPU.Build.0 = Release|Any CPU
	EndGlobalSection
	GlobalSection(SolutionProperties) = preSolution
		HideSolutionNode = FALSE
	EndGlobalSection
	GlobalSection(ExtensibilityGlobals) = postSolution
		SolutionGuid = {A391A4D7-9C78-474F-A7CC-DB594387EC72}
	EndGlobalSection
EndGlobal
